
Microsoft Visual Studio Solution File, Format Version 12.00
# Visual Studio Version 16
VisualStudioVersion = 16.0.31605.320
MinimumVisualStudioVersion = 10.0.40219.1
Project("{9A19103F-16F7-4668-BE54-9A1E7A4F7556}") = "DigitalWellbeingService", "DigitalWellbeingService\DigitalWellbeingService.csproj", "{59E81D40-DEEE-4770-A664-4FE6830DE1FF}"
EndProject
Project("{9A19103F-16F7-4668-BE54-9A1E7A4F7556}") = "DigitalWellbeingUI", "DigitalWellbeingUI\DigitalWellbeingUI.csproj", "{E97C15BB-421B-4CC7-B4AE-2962B21ECACA}"
EndProject
Global
	GlobalSection(SolutionConfigurationPlatforms) = preSolution
		Debug|Any CPU = Debug|Any CPU
		Debug|x64 = Debug|x64
		Debug|x86 = Debug|x86
		Release|Any CPU = Release|Any CPU
		Release|x64 = Release|x64
		Release|x86 = Release|x86
	EndGlobalSection
	GlobalSection(ProjectConfigurationPlatforms) = postSolution
		{59E81D40-DEEE-4770-A664-4FE6830DE1FF}.Debug|Any CPU.ActiveCfg = Debug|Any CPU
		{59E81D40-DEEE-4770-A664-4FE6830DE1FF}.Debug|Any CPU.Build.0 = Debug|Any CPU
		{59E81D40-DEEE-4770-A664-4FE6830DE1FF}.Debug|x64.ActiveCfg = Debug|x64
		{59E81D40-DEEE-4770-A664-4FE6830DE1FF}.Debug|x64.Build.0 = Debug|x64
		{59E81D40-DEEE-4770-A664-4FE6830DE1FF}.Debug|x86.ActiveCfg = Debug|Any CPU
		{59E81D40-DEEE-4770-A664-4FE6830DE1FF}.Debug|x86.Build.0 = Debug|Any CPU
		{59E81D40-DEEE-4770-A664-4FE6830DE1FF}.Release|Any CPU.ActiveCfg = Release|Any CPU
		{59E81D40-DEEE-4770-A664-4FE6830DE1FF}.Release|Any CPU.Build.0 = Release|Any CPU
		{59E81D40-DEEE-4770-A664-4FE6830DE1FF}.Release|x64.ActiveCfg = Release|x64
		{59E81D40-DEEE-4770-A664-4FE6830DE1FF}.Release|x64.Build.0 = Release|x64
		{59E81D40-DEEE-4770-A664-4FE6830DE1FF}.Release|x86.ActiveCfg = Release|x86
		{59E81D40-DEEE-4770-A664-4FE6830DE1FF}.Release|x86.Build.0 = Release|x86
		{E97C15BB-421B-4CC7-B4AE-2962B21ECACA}.Debug|Any CPU.ActiveCfg = Debug|Any CPU
		{E97C15BB-421B-4CC7-B4AE-2962B21ECACA}.Debug|Any CPU.Build.0 = Debug|Any CPU
		{E97C15BB-421B-4CC7-B4AE-2962B21ECACA}.Debug|x64.ActiveCfg = Debug|Any CPU
		{E97C15BB-421B-4CC7-B4AE-2962B21ECACA}.Debug|x64.Build.0 = Debug|Any CPU
		{E97C15BB-421B-4CC7-B4AE-2962B21ECACA}.Debug|x86.ActiveCfg = Debug|Any CPU
		{E97C15BB-421B-4CC7-B4AE-2962B21ECACA}.Debug|x86.Build.0 = Debug|Any CPU
		{E97C15BB-421B-4CC7-B4AE-2962B21ECACA}.Release|Any CPU.ActiveCfg = Release|Any CPU
		{E97C15BB-421B-4CC7-B4AE-2962B21ECACA}.Release|Any CPU.Build.0 = Release|Any CPU
		{E97C15BB-421B-4CC7-B4AE-2962B21ECACA}.Release|x64.ActiveCfg = Release|Any CPU
		{E97C15BB-421B-4CC7-B4AE-2962B21ECACA}.Release|x64.Build.0 = Release|Any CPU
		{E97C15BB-421B-4CC7-B4AE-2962B21ECACA}.Release|x86.ActiveCfg = Release|Any CPU
		{E97C15BB-421B-4CC7-B4AE-2962B21ECACA}.Release|x86.Build.0 = Release|Any CPU
	EndGlobalSection
	GlobalSection(SolutionProperties) = preSolution
		HideSolutionNode = FALSE
	EndGlobalSection
	GlobalSection(ExtensibilityGlobals) = postSolution
		SolutionGuid = {304DD2B2-3D5D-41BB-8945-06E9B866DB33}
	EndGlobalSection
EndGlobal
